
Microsoft Visual Studio Solution File, Format Version 11.00
# Visual Studio 2010
Project("{FAE04EC0-301F-11D3-BF4B-00C04F79EFBC}") = "Assembly-CSharp", "Assembly-CSharp.csproj", "{fd0a0060-811f-d861-4f5b-1214f692f554}"
EndProject
Project("{FAE04EC0-301F-11D3-BF4B-00C04F79EFBC}") = "Assembly-CSharp-Editor", "Assembly-CSharp-Editor.csproj", "{f26a858f-60a2-cbc8-e1e8-89af9f34b19d}"
EndProject
Global
	GlobalSection(SolutionConfigurationPlatforms) = preSolution
		Debug|Any CPU = Debug|Any CPU
	EndGlobalSection
	GlobalSection(ProjectConfigurationPlatforms) = postSolution
		{fd0a0060-811f-d861-4f5b-1214f692f554}.Debug|Any CPU.ActiveCfg = Debug|Any CPU
		{fd0a0060-811f-d861-4f5b-1214f692f554}.Debug|Any CPU.Build.0 = Debug|Any CPU
		{f26a858f-60a2-cbc8-e1e8-89af9f34b19d}.Debug|Any CPU.ActiveCfg = Debug|Any CPU
		{f26a858f-60a2-cbc8-e1e8-89af9f34b19d}.Debug|Any CPU.Build.0 = Debug|Any CPU
	EndGlobalSection
	GlobalSection(SolutionProperties) = preSolution
		HideSolutionNode = FALSE
	EndGlobalSection
EndGlobal
